
Microsoft Visual Studio Solution File, Format Version 12.00
# Visual Studio Version 17
VisualStudioVersion = 17.11.35222.181
MinimumVisualStudioVersion = 10.0.40219.1
Project("{9A19103F-16F7-4668-BE54-9A1E7A4F7556}") = "uceni_wpf", "uceni_wpf\uceni_wpf.csproj", "{55215C9C-2125-493A-98B5-DD517F4F394C}"
EndProject
Project("{9A19103F-16F7-4668-BE54-9A1E7A4F7556}") = "uceni_wpf_2", "..\..\..\..\source\repos\uceni_wpf_2\uceni_wpf_2\uceni_wpf_2.csproj", "{B8414727-273F-4854-8525-3394005AD198}"
EndProject
Project("{9A19103F-16F7-4668-BE54-9A1E7A4F7556}") = "uceni_wpf_3", "..\..\..\..\source\repos\uceni_wpf_3\uceni_wpf_3\uceni_wpf_3.csproj", "{4276C12E-98FD-4A5D-81C1-F176EC3C7A38}"
EndProject
Global
	GlobalSection(SolutionConfigurationPlatforms) = preSolution
		Debug|Any CPU = Debug|Any CPU
		Release|Any CPU = Release|Any CPU
	EndGlobalSection
	GlobalSection(ProjectConfigurationPlatforms) = postSolution
		{55215C9C-2125-493A-98B5-DD517F4F394C}.Debug|Any CPU.ActiveCfg = Debug|Any CPU
		{55215C9C-2125-493A-98B5-DD517F4F394C}.Debug|Any CPU.Build.0 = Debug|Any CPU
		{55215C9C-2125-493A-98B5-DD517F4F394C}.Release|Any CPU.ActiveCfg = Release|Any CPU
		{55215C9C-2125-493A-98B5-DD517F4F394C}.Release|Any CPU.Build.0 = Release|Any CPU
		{B8414727-273F-4854-8525-3394005AD198}.Debug|Any CPU.ActiveCfg = Debug|Any CPU
		{B8414727-273F-4854-8525-3394005AD198}.Debug|Any CPU.Build.0 = Debug|Any CPU
		{B8414727-273F-4854-8525-3394005AD198}.Release|Any CPU.ActiveCfg = Release|Any CPU
		{B8414727-273F-4854-8525-3394005AD198}.Release|Any CPU.Build.0 = Release|Any CPU
		{4276C12E-98FD-4A5D-81C1-F176EC3C7A38}.Debug|Any CPU.ActiveCfg = Debug|Any CPU
		{4276C12E-98FD-4A5D-81C1-F176EC3C7A38}.Debug|Any CPU.Build.0 = Debug|Any CPU
		{4276C12E-98FD-4A5D-81C1-F176EC3C7A38}.Release|Any CPU.ActiveCfg = Release|Any CPU
		{4276C12E-98FD-4A5D-81C1-F176EC3C7A38}.Release|Any CPU.Build.0 = Release|Any CPU
	EndGlobalSection
	GlobalSection(SolutionProperties) = preSolution
		HideSolutionNode = FALSE
	EndGlobalSection
	GlobalSection(ExtensibilityGlobals) = postSolution
		SolutionGuid = {62D5820B-5F99-4A46-ABC4-3EA10E339581}
	EndGlobalSection
EndGlobal
